
Microsoft Visual Studio Solution File, Format Version 12.00
Project("{FAE04EC0-301F-11D3-BF4B-00C04F79EFBC}") = "Pakosti.Api", "Pakosti.Api\Pakosti.Api.csproj", "{035EE6C2-65A3-44F5-BDA6-F096A8C64E28}"
EndProject
Project("{FAE04EC0-301F-11D3-BF4B-00C04F79EFBC}") = "Pakosti.Application", "Pakosti.Application\Pakosti.Application.csproj", "{164408C8-00EB-4D90-8825-CA1A8E1C2520}"
EndProject
Project("{FAE04EC0-301F-11D3-BF4B-00C04F79EFBC}") = "Pakosti.Domain", "Pakosti.Domain\Pakosti.Domain.csproj", "{CDFE469B-977C-408D-B97D-094B54D610F2}"
EndProject
Project("{FAE04EC0-301F-11D3-BF4B-00C04F79EFBC}") = "Pakosti.Infrastructure.Persistence", "Pakosti.Infrastructure.Persistence\Pakosti.Infrastructure.Persistence.csproj", "{E3874BD5-64D0-4411-9F77-7CF2F09D6B23}"
EndProject
Project("{FAE04EC0-301F-11D3-BF4B-00C04F79EFBC}") = "Pakosti.IntegrationTests", "Pakosti.IntegrationTests\Pakosti.IntegrationTests.csproj", "{AEFA79E0-5B73-4700-9061-345A97DDD47F}"
EndProject
Global
	GlobalSection(SolutionConfigurationPlatforms) = preSolution
		Debug|Any CPU = Debug|Any CPU
		Release|Any CPU = Release|Any CPU
	EndGlobalSection
	GlobalSection(ProjectConfigurationPlatforms) = postSolution
		{035EE6C2-65A3-44F5-BDA6-F096A8C64E28}.Debug|Any CPU.ActiveCfg = Debug|Any CPU
		{035EE6C2-65A3-44F5-BDA6-F096A8C64E28}.Debug|Any CPU.Build.0 = Debug|Any CPU
		{035EE6C2-65A3-44F5-BDA6-F096A8C64E28}.Release|Any CPU.ActiveCfg = Release|Any CPU
		{035EE6C2-65A3-44F5-BDA6-F096A8C64E28}.Release|Any CPU.Build.0 = Release|Any CPU
		{164408C8-00EB-4D90-8825-CA1A8E1C2520}.Debug|Any CPU.ActiveCfg = Debug|Any CPU
		{164408C8-00EB-4D90-8825-CA1A8E1C2520}.Debug|Any CPU.Build.0 = Debug|Any CPU
		{164408C8-00EB-4D90-8825-CA1A8E1C2520}.Release|Any CPU.ActiveCfg = Release|Any CPU
		{164408C8-00EB-4D90-8825-CA1A8E1C2520}.Release|Any CPU.Build.0 = Release|Any CPU
		{CDFE469B-977C-408D-B97D-094B54D610F2}.Debug|Any CPU.ActiveCfg = Debug|Any CPU
		{CDFE469B-977C-408D-B97D-094B54D610F2}.Debug|Any CPU.Build.0 = Debug|Any CPU
		{CDFE469B-977C-408D-B97D-094B54D610F2}.Release|Any CPU.ActiveCfg = Release|Any CPU
		{CDFE469B-977C-408D-B97D-094B54D610F2}.Release|Any CPU.Build.0 = Release|Any CPU
		{E3874BD5-64D0-4411-9F77-7CF2F09D6B23}.Debug|Any CPU.ActiveCfg = Debug|Any CPU
		{E3874BD5-64D0-4411-9F77-7CF2F09D6B23}.Debug|Any CPU.Build.0 = Debug|Any CPU
		{E3874BD5-64D0-4411-9F77-7CF2F09D6B23}.Release|Any CPU.ActiveCfg = Release|Any CPU
		{E3874BD5-64D0-4411-9F77-7CF2F09D6B23}.Release|Any CPU.Build.0 = Release|Any CPU
		{AEFA79E0-5B73-4700-9061-345A97DDD47F}.Debug|Any CPU.ActiveCfg = Debug|Any CPU
		{AEFA79E0-5B73-4700-9061-345A97DDD47F}.Debug|Any CPU.Build.0 = Debug|Any CPU
		{AEFA79E0-5B73-4700-9061-345A97DDD47F}.Release|Any CPU.ActiveCfg = Release|Any CPU
		{AEFA79E0-5B73-4700-9061-345A97DDD47F}.Release|Any CPU.Build.0 = Release|Any CPU
	EndGlobalSection
EndGlobal
